// !$*UTF8*$!
{
	archiveVersion = 1;
	classes = {
	};
	objectVersion = 50;
	objects = {

/* Begin PBXBuildFile section */
		185DBCE82668CFF000828CE5 /* ClassCodeGenerator.swift in Sources */ = {isa = PBXBuildFile; fileRef = 185DBCE72668CFF000828CE5 /* ClassCodeGenerator.swift */; };
		32C54D06256B4AAA00D067A2 /* ClassSecretKeyMap.h in Headers */ = {isa = PBXBuildFile; fileRef = 32C54D05256B4AAA00D067A2 /* ClassSecretKeyMap.h */; };
		6354B702229B894800C0FDED /* ConvertOuput.txt in Resources */ = {isa = PBXBuildFile; fileRef = 6354B701229B894800C0FDED /* ConvertOuput.txt */; };
		639D738422939E89005C6577 /* ExpressionTest.swift in Sources */ = {isa = PBXBuildFile; fileRef = 639D738322939E89005C6577 /* ExpressionTest.swift */; };
		EE147261227F054300566B3F /* ClassDeclareTest.swift in Sources */ = {isa = PBXBuildFile; fileRef = EE147260227F054300566B3F /* ClassDeclareTest.swift */; };
		EE1C71F122882F750077A71E /* TestSource.imp in Resources */ = {isa = PBXBuildFile; fileRef = EE1C71EE22882DBF0077A71E /* TestSource.imp */; };
		EE1C71F42288314C0077A71E /* FileTest.swift in Sources */ = {isa = PBXBuildFile; fileRef = EE1C71F32288314C0077A71E /* FileTest.swift */; };
		EE4BAFE624364CAA00A2A080 /* cal.l in Sources */ = {isa = PBXBuildFile; fileRef = EE6E6CDB225E496600616C7E /* cal.l */; };
		EE4BAFE724364CAA00A2A080 /* cal.y in Sources */ = {isa = PBXBuildFile; fileRef = EE6E6CDA225E496600616C7E /* cal.y */; };
		EE4BAFE824364CEA00A2A080 /* Parser.m in Sources */ = {isa = PBXBuildFile; fileRef = EED67AA92270B1C70015AC02 /* Parser.m */; };
		EE4BAFE924364CEA00A2A080 /* Log.m in Sources */ = {isa = PBXBuildFile; fileRef = EED67A942270AEE40015AC02 /* Log.m */; };
		EE4BAFEA24364CEA00A2A080 /* Convert.m in Sources */ = {isa = PBXBuildFile; fileRef = EE5534D22290053800A4B32E /* Convert.m */; };
		EE4BAFEB24364CEA00A2A080 /* AST.m in Sources */ = {isa = PBXBuildFile; fileRef = EE5534CE2290032700A4B32E /* AST.m */; };
		EE4BAFEC24364CEA00A2A080 /* MakeDeclare.m in Sources */ = {isa = PBXBuildFile; fileRef = EE982F06226CB4E4008712C2 /* MakeDeclare.m */; };
		EE4BAFF424364CEA00A2A080 /* cal.l in Sources */ = {isa = PBXBuildFile; fileRef = EE6E6CDB225E496600616C7E /* cal.l */; };
		EE4BAFF524364CEA00A2A080 /* cal.y in Sources */ = {isa = PBXBuildFile; fileRef = EE6E6CDA225E496600616C7E /* cal.y */; };
		EE4ED3662668FFF40035F134 /* ORPatchFile.framework in Frameworks */ = {isa = PBXBuildFile; fileRef = EE66C15624FEB61300C85B31 /* ORPatchFile.framework */; };
		EE4ED3672668FFF40035F134 /* ORPatchFile.framework in Embed Frameworks */ = {isa = PBXBuildFile; fileRef = EE66C15624FEB61300C85B31 /* ORPatchFile.framework */; settings = {ATTRIBUTES = (CodeSignOnCopy, RemoveHeadersOnCopy, ); }; };
		EE4F367C24F9251C00F685AF /* main.swift in Sources */ = {isa = PBXBuildFile; fileRef = EE4F367B24F9251C00F685AF /* main.swift */; };
		EE4F368024F9254400F685AF /* Parser.m in Sources */ = {isa = PBXBuildFile; fileRef = EED67AA92270B1C70015AC02 /* Parser.m */; };
		EE4F368124F9254400F685AF /* Log.m in Sources */ = {isa = PBXBuildFile; fileRef = EED67A942270AEE40015AC02 /* Log.m */; };
		EE4F368324F9254400F685AF /* Convert.m in Sources */ = {isa = PBXBuildFile; fileRef = EE5534D22290053800A4B32E /* Convert.m */; };
		EE4F368424F9254400F685AF /* AST.m in Sources */ = {isa = PBXBuildFile; fileRef = EE5534CE2290032700A4B32E /* AST.m */; };
		EE4F368524F9254400F685AF /* MakeDeclare.m in Sources */ = {isa = PBXBuildFile; fileRef = EE982F06226CB4E4008712C2 /* MakeDeclare.m */; };
		EE4F368624F9254400F685AF /* cal.l in Sources */ = {isa = PBXBuildFile; fileRef = EE6E6CDB225E496600616C7E /* cal.l */; };
		EE4F368724F9254400F685AF /* cal.y in Sources */ = {isa = PBXBuildFile; fileRef = EE6E6CDA225E496600616C7E /* cal.y */; };
		EE5534CF2290032700A4B32E /* AST.h in Headers */ = {isa = PBXBuildFile; fileRef = EE5534CD2290032700A4B32E /* AST.h */; settings = {ATTRIBUTES = (Public, ); }; };
		EE5534D02290032700A4B32E /* AST.m in Sources */ = {isa = PBXBuildFile; fileRef = EE5534CE2290032700A4B32E /* AST.m */; };
		EE5534D32290053800A4B32E /* Convert.h in Headers */ = {isa = PBXBuildFile; fileRef = EE5534D12290053800A4B32E /* Convert.h */; settings = {ATTRIBUTES = (Public, ); }; };
		EE5534D42290053800A4B32E /* Convert.m in Sources */ = {isa = PBXBuildFile; fileRef = EE5534D22290053800A4B32E /* Convert.m */; };
		EE5534DC22900DFF00A4B32E /* ConvertTest.swift in Sources */ = {isa = PBXBuildFile; fileRef = EE5534DB22900DFF00A4B32E /* ConvertTest.swift */; };
		EE5534DD2290158700A4B32E /* MakeDeclare.h in Headers */ = {isa = PBXBuildFile; fileRef = EE982F05226CB443008712C2 /* MakeDeclare.h */; settings = {ATTRIBUTES = (Public, ); }; };
		EE66C0A624FE97D500C85B31 /* main.swift in Sources */ = {isa = PBXBuildFile; fileRef = EE66C0A524FE97D500C85B31 /* main.swift */; };
		EE66C0AA24FE982B00C85B31 /* Parser.m in Sources */ = {isa = PBXBuildFile; fileRef = EED67AA92270B1C70015AC02 /* Parser.m */; };
		EE66C0AB24FE982B00C85B31 /* Log.m in Sources */ = {isa = PBXBuildFile; fileRef = EED67A942270AEE40015AC02 /* Log.m */; };
		EE66C0AD24FE982B00C85B31 /* Convert.m in Sources */ = {isa = PBXBuildFile; fileRef = EE5534D22290053800A4B32E /* Convert.m */; };
		EE66C0AE24FE982B00C85B31 /* AST.m in Sources */ = {isa = PBXBuildFile; fileRef = EE5534CE2290032700A4B32E /* AST.m */; };
		EE66C0AF24FE982B00C85B31 /* MakeDeclare.m in Sources */ = {isa = PBXBuildFile; fileRef = EE982F06226CB4E4008712C2 /* MakeDeclare.m */; };
		EE66C0B024FE982B00C85B31 /* cal.l in Sources */ = {isa = PBXBuildFile; fileRef = EE6E6CDB225E496600616C7E /* cal.l */; };
		EE66C0B124FE982B00C85B31 /* cal.y in Sources */ = {isa = PBXBuildFile; fileRef = EE6E6CDA225E496600616C7E /* cal.y */; };
		EE66C16824FEB62C00C85B31 /* ORPatchFile.m in Sources */ = {isa = PBXBuildFile; fileRef = EE66C15E24FEB62B00C85B31 /* ORPatchFile.m */; };
		EE66C16A24FEB62C00C85B31 /* BinaryPatchHelper.h in Headers */ = {isa = PBXBuildFile; fileRef = EE66C16024FEB62C00C85B31 /* BinaryPatchHelper.h */; settings = {ATTRIBUTES = (Public, ); }; };
		EE66C16B24FEB62C00C85B31 /* JSONPatchHelper.m in Sources */ = {isa = PBXBuildFile; fileRef = EE66C16124FEB62C00C85B31 /* JSONPatchHelper.m */; };
		EE66C16C24FEB62C00C85B31 /* ORPatchFile.h in Headers */ = {isa = PBXBuildFile; fileRef = EE66C16224FEB62C00C85B31 /* ORPatchFile.h */; settings = {ATTRIBUTES = (Public, ); }; };
		EE66C16D24FEB62C00C85B31 /* BinaryPatchHelper.m in Sources */ = {isa = PBXBuildFile; fileRef = EE66C16324FEB62C00C85B31 /* BinaryPatchHelper.m */; };
		EE66C16E24FEB62C00C85B31 /* RunnerClasses.h in Headers */ = {isa = PBXBuildFile; fileRef = EE66C16424FEB62C00C85B31 /* RunnerClasses.h */; settings = {ATTRIBUTES = (Public, ); }; };
		EE66C16F24FEB62C00C85B31 /* RunnerClasses.m in Sources */ = {isa = PBXBuildFile; fileRef = EE66C16524FEB62C00C85B31 /* RunnerClasses.m */; };
		EE66C17124FEB62C00C85B31 /* JSONPatchHelper.h in Headers */ = {isa = PBXBuildFile; fileRef = EE66C16724FEB62C00C85B31 /* JSONPatchHelper.h */; settings = {ATTRIBUTES = (Public, ); }; };
		EE66C18524FEC14A00C85B31 /* BinaryPatchHelper.m in Sources */ = {isa = PBXBuildFile; fileRef = EE66C16324FEB62C00C85B31 /* BinaryPatchHelper.m */; };
		EE66C18624FEC14A00C85B31 /* JSONPatchHelper.m in Sources */ = {isa = PBXBuildFile; fileRef = EE66C16124FEB62C00C85B31 /* JSONPatchHelper.m */; };
		EE66C18724FEC14A00C85B31 /* ORPatchFile.m in Sources */ = {isa = PBXBuildFile; fileRef = EE66C15E24FEB62B00C85B31 /* ORPatchFile.m */; };
		EE66C18824FEC14A00C85B31 /* RunnerClasses.m in Sources */ = {isa = PBXBuildFile; fileRef = EE66C16524FEB62C00C85B31 /* RunnerClasses.m */; };
		EE66C18C24FEC14A00C85B31 /* RunnerClasses.m in Sources */ = {isa = PBXBuildFile; fileRef = EE66C16524FEB62C00C85B31 /* RunnerClasses.m */; };
		EE66C19124FEC14B00C85B31 /* BinaryPatchHelper.m in Sources */ = {isa = PBXBuildFile; fileRef = EE66C16324FEB62C00C85B31 /* BinaryPatchHelper.m */; };
		EE66C19224FEC14B00C85B31 /* JSONPatchHelper.m in Sources */ = {isa = PBXBuildFile; fileRef = EE66C16124FEB62C00C85B31 /* JSONPatchHelper.m */; };
		EE66C19324FEC14B00C85B31 /* ORPatchFile.m in Sources */ = {isa = PBXBuildFile; fileRef = EE66C15E24FEB62B00C85B31 /* ORPatchFile.m */; };
		EE66C19424FEC14B00C85B31 /* RunnerClasses.m in Sources */ = {isa = PBXBuildFile; fileRef = EE66C16524FEB62C00C85B31 /* RunnerClasses.m */; };
		EE6E6CD3225E488000616C7E /* main.m in Sources */ = {isa = PBXBuildFile; fileRef = EE6E6CD2225E488000616C7E /* main.m */; };
		EE9592DF24F7CA9D00D8ABE0 /* ArchiveTests.swift in Sources */ = {isa = PBXBuildFile; fileRef = EE9592DE24F7CA9D00D8ABE0 /* ArchiveTests.swift */; };
		EEB17FFB22849273003D5C36 /* MethodCallTest.swift in Sources */ = {isa = PBXBuildFile; fileRef = EEB17FFA22849273003D5C36 /* MethodCallTest.swift */; };
		EEC0886B2669014C00538E9A /* oc2mangoLib.framework in Frameworks */ = {isa = PBXBuildFile; fileRef = EED67A6E2270AE0E0015AC02 /* oc2mangoLib.framework */; };
		EEC088712669015800538E9A /* ORPatchFile.framework in Frameworks */ = {isa = PBXBuildFile; fileRef = EE66C15624FEB61300C85B31 /* ORPatchFile.framework */; };
		EED67A7E2270AE0F0015AC02 /* oc2mangoLib.h in Headers */ = {isa = PBXBuildFile; fileRef = EED67A702270AE0E0015AC02 /* oc2mangoLib.h */; settings = {ATTRIBUTES = (Public, ); }; };
		EED67A972270B0CA0015AC02 /* Log.m in Sources */ = {isa = PBXBuildFile; fileRef = EED67A942270AEE40015AC02 /* Log.m */; };
		EED67A982270B0CA0015AC02 /* MakeDeclare.m in Sources */ = {isa = PBXBuildFile; fileRef = EE982F06226CB4E4008712C2 /* MakeDeclare.m */; };
		EED67AAA2270B1C70015AC02 /* Parser.h in Headers */ = {isa = PBXBuildFile; fileRef = EED67AA82270B1C70015AC02 /* Parser.h */; settings = {ATTRIBUTES = (Public, ); }; };
		EED67AAB2270B1C70015AC02 /* Parser.m in Sources */ = {isa = PBXBuildFile; fileRef = EED67AA92270B1C70015AC02 /* Parser.m */; };
		EED67ABC2270B5A30015AC02 /* StatementTest.swift in Sources */ = {isa = PBXBuildFile; fileRef = EED67ABB2270B5A30015AC02 /* StatementTest.swift */; };
/* End PBXBuildFile section */

/* Begin PBXContainerItemProxy section */
		EE4ED3682668FFF40035F134 /* PBXContainerItemProxy */ = {
			isa = PBXContainerItemProxy;
			containerPortal = EE6E6CC7225E488000616C7E /* Project object */;
			proxyType = 1;
			remoteGlobalIDString = EE66C15524FEB61300C85B31;
			remoteInfo = ORPatchFile;
		};
		EED67A782270AE0F0015AC02 /* PBXContainerItemProxy */ = {
			isa = PBXContainerItemProxy;
			containerPortal = EE6E6CC7225E488000616C7E /* Project object */;
			proxyType = 1;
			remoteGlobalIDString = EED67A6D2270AE0E0015AC02;
			remoteInfo = oc2mangoLib;
		};
/* End PBXContainerItemProxy section */

/* Begin PBXCopyFilesBuildPhase section */
		EE4ED36A2668FFF40035F134 /* Embed Frameworks */ = {
			isa = PBXCopyFilesBuildPhase;
			buildActionMask = 2147483647;
			dstPath = "";
			dstSubfolderSpec = 10;
			files = (
				EE4ED3672668FFF40035F134 /* ORPatchFile.framework in Embed Frameworks */,
			);
			name = "Embed Frameworks";
			runOnlyForDeploymentPostprocessing = 0;
		};
		EE4F367724F9251C00F685AF /* CopyFiles */ = {
			isa = PBXCopyFilesBuildPhase;
			buildActionMask = 2147483647;
			dstPath = /usr/share/man/man1/;
			dstSubfolderSpec = 0;
			files = (
			);
			runOnlyForDeploymentPostprocessing = 1;
		};
		EE66C0A124FE97D500C85B31 /* CopyFiles */ = {
			isa = PBXCopyFilesBuildPhase;
			buildActionMask = 2147483647;
			dstPath = /usr/share/man/man1/;
			dstSubfolderSpec = 0;
			files = (
			);
			runOnlyForDeploymentPostprocessing = 1;
		};
		EE6E6CCD225E488000616C7E /* CopyFiles */ = {
			isa = PBXCopyFilesBuildPhase;
			buildActionMask = 2147483647;
			dstPath = /usr/share/man/man1/;
			dstSubfolderSpec = 0;
			files = (
			);
			runOnlyForDeploymentPostprocessing = 1;
		};
/* End PBXCopyFilesBuildPhase section */

/* Begin PBXFileReference section */
		185DBCE72668CFF000828CE5 /* ClassCodeGenerator.swift */ = {isa = PBXFileReference; lastKnownFileType = sourcecode.swift; path = ClassCodeGenerator.swift; sourceTree = "<group>"; };
		32C54D05256B4AAA00D067A2 /* ClassSecretKeyMap.h */ = {isa = PBXFileReference; fileEncoding = 4; lastKnownFileType = sourcecode.c.h; name = ClassSecretKeyMap.h; path = oc2mangoLib/PatchFile/ClassSecretKeyMap.h; sourceTree = SOURCE_ROOT; };
		6354B701229B894800C0FDED /* ConvertOuput.txt */ = {isa = PBXFileReference; fileEncoding = 4; lastKnownFileType = text; path = ConvertOuput.txt; sourceTree = "<group>"; };
		639D738322939E89005C6577 /* ExpressionTest.swift */ = {isa = PBXFileReference; lastKnownFileType = sourcecode.swift; path = ExpressionTest.swift; sourceTree = "<group>"; };
		EE147260227F054300566B3F /* ClassDeclareTest.swift */ = {isa = PBXFileReference; lastKnownFileType = sourcecode.swift; path = ClassDeclareTest.swift; sourceTree = "<group>"; };
		EE1C71EE22882DBF0077A71E /* TestSource.imp */ = {isa = PBXFileReference; lastKnownFileType = text; path = TestSource.imp; sourceTree = "<group>"; };
		EE1C71F32288314C0077A71E /* FileTest.swift */ = {isa = PBXFileReference; lastKnownFileType = sourcecode.swift; path = FileTest.swift; sourceTree = "<group>"; };
		EE4F367924F9251C00F685AF /* BinaryPatchCodeGenerator */ = {isa = PBXFileReference; explicitFileType = "compiled.mach-o.executable"; includeInIndex = 0; path = BinaryPatchCodeGenerator; sourceTree = BUILT_PRODUCTS_DIR; };
		EE4F367B24F9251C00F685AF /* main.swift */ = {isa = PBXFileReference; lastKnownFileType = sourcecode.swift; path = main.swift; sourceTree = "<group>"; };
		EE4F368824F9259D00F685AF /* BinaryPatchCodeGenerator-Bridging-Header.h */ = {isa = PBXFileReference; lastKnownFileType = sourcecode.c.h; path = "BinaryPatchCodeGenerator-Bridging-Header.h"; sourceTree = "<group>"; };
		EE5534CD2290032700A4B32E /* AST.h */ = {isa = PBXFileReference; lastKnownFileType = sourcecode.c.h; path = AST.h; sourceTree = "<group>"; };
		EE5534CE2290032700A4B32E /* AST.m */ = {isa = PBXFileReference; lastKnownFileType = sourcecode.c.objc; path = AST.m; sourceTree = "<group>"; };
		EE5534D12290053800A4B32E /* Convert.h */ = {isa = PBXFileReference; lastKnownFileType = sourcecode.c.h; path = Convert.h; sourceTree = "<group>"; };
		EE5534D22290053800A4B32E /* Convert.m */ = {isa = PBXFileReference; lastKnownFileType = sourcecode.c.objc; path = Convert.m; sourceTree = "<group>"; };
		EE5534DB22900DFF00A4B32E /* ConvertTest.swift */ = {isa = PBXFileReference; lastKnownFileType = sourcecode.swift; path = ConvertTest.swift; sourceTree = "<group>"; };
		EE66C0A324FE97D500C85B31 /* PatchGenerator */ = {isa = PBXFileReference; explicitFileType = "compiled.mach-o.executable"; includeInIndex = 0; path = PatchGenerator; sourceTree = BUILT_PRODUCTS_DIR; };
		EE66C0A524FE97D500C85B31 /* main.swift */ = {isa = PBXFileReference; lastKnownFileType = sourcecode.swift; path = main.swift; sourceTree = "<group>"; };
		EE66C0B524FE984600C85B31 /* PatchGenerator-Bridging-Header.h */ = {isa = PBXFileReference; fileEncoding = 4; lastKnownFileType = sourcecode.c.h; path = "PatchGenerator-Bridging-Header.h"; sourceTree = "<group>"; };
		EE66C15624FEB61300C85B31 /* ORPatchFile.framework */ = {isa = PBXFileReference; explicitFileType = wrapper.framework; includeInIndex = 0; path = ORPatchFile.framework; sourceTree = BUILT_PRODUCTS_DIR; };
		EE66C15924FEB61300C85B31 /* Info.plist */ = {isa = PBXFileReference; lastKnownFileType = text.plist.xml; path = Info.plist; sourceTree = "<group>"; };
		EE66C15E24FEB62B00C85B31 /* ORPatchFile.m */ = {isa = PBXFileReference; fileEncoding = 4; lastKnownFileType = sourcecode.c.objc; name = ORPatchFile.m; path = oc2mangoLib/PatchFile/ORPatchFile.m; sourceTree = SOURCE_ROOT; };
		EE66C16024FEB62C00C85B31 /* BinaryPatchHelper.h */ = {isa = PBXFileReference; fileEncoding = 4; lastKnownFileType = sourcecode.c.h; name = BinaryPatchHelper.h; path = oc2mangoLib/PatchFile/BinaryPatchHelper.h; sourceTree = SOURCE_ROOT; };
		EE66C16124FEB62C00C85B31 /* JSONPatchHelper.m */ = {isa = PBXFileReference; fileEncoding = 4; lastKnownFileType = sourcecode.c.objc; name = JSONPatchHelper.m; path = oc2mangoLib/PatchFile/JSONPatchHelper.m; sourceTree = SOURCE_ROOT; };
		EE66C16224FEB62C00C85B31 /* ORPatchFile.h */ = {isa = PBXFileReference; fileEncoding = 4; lastKnownFileType = sourcecode.c.h; name = ORPatchFile.h; path = oc2mangoLib/PatchFile/ORPatchFile.h; sourceTree = SOURCE_ROOT; };
		EE66C16324FEB62C00C85B31 /* BinaryPatchHelper.m */ = {isa = PBXFileReference; fileEncoding = 4; lastKnownFileType = sourcecode.c.objc; name = BinaryPatchHelper.m; path = oc2mangoLib/PatchFile/BinaryPatchHelper.m; sourceTree = SOURCE_ROOT; };
		EE66C16424FEB62C00C85B31 /* RunnerClasses.h */ = {isa = PBXFileReference; fileEncoding = 4; lastKnownFileType = sourcecode.c.h; name = RunnerClasses.h; path = oc2mangoLib/PatchFile/RunnerClasses.h; sourceTree = SOURCE_ROOT; };
		EE66C16524FEB62C00C85B31 /* RunnerClasses.m */ = {isa = PBXFileReference; fileEncoding = 4; lastKnownFileType = sourcecode.c.objc; name = RunnerClasses.m; path = oc2mangoLib/PatchFile/RunnerClasses.m; sourceTree = SOURCE_ROOT; };
		EE66C16724FEB62C00C85B31 /* JSONPatchHelper.h */ = {isa = PBXFileReference; fileEncoding = 4; lastKnownFileType = sourcecode.c.h; name = JSONPatchHelper.h; path = oc2mangoLib/PatchFile/JSONPatchHelper.h; sourceTree = SOURCE_ROOT; };
		EE6E6CCF225E488000616C7E /* oc2mango */ = {isa = PBXFileReference; explicitFileType = "compiled.mach-o.executable"; includeInIndex = 0; path = oc2mango; sourceTree = BUILT_PRODUCTS_DIR; };
		EE6E6CD2225E488000616C7E /* main.m */ = {isa = PBXFileReference; lastKnownFileType = sourcecode.c.objc; path = main.m; sourceTree = "<group>"; };
		EE6E6CDA225E496600616C7E /* cal.y */ = {isa = PBXFileReference; fileEncoding = 4; lastKnownFileType = sourcecode.yacc; path = cal.y; sourceTree = "<group>"; };
		EE6E6CDB225E496600616C7E /* cal.l */ = {isa = PBXFileReference; fileEncoding = 4; lastKnownFileType = sourcecode.lex; path = cal.l; sourceTree = "<group>"; };
		EE9592DE24F7CA9D00D8ABE0 /* ArchiveTests.swift */ = {isa = PBXFileReference; lastKnownFileType = sourcecode.swift; path = ArchiveTests.swift; sourceTree = "<group>"; };
		EE982F05226CB443008712C2 /* MakeDeclare.h */ = {isa = PBXFileReference; lastKnownFileType = sourcecode.c.h; path = MakeDeclare.h; sourceTree = "<group>"; };
		EE982F06226CB4E4008712C2 /* MakeDeclare.m */ = {isa = PBXFileReference; lastKnownFileType = sourcecode.c.objc; path = MakeDeclare.m; sourceTree = "<group>"; };
		EEB17FFA22849273003D5C36 /* MethodCallTest.swift */ = {isa = PBXFileReference; lastKnownFileType = sourcecode.swift; path = MethodCallTest.swift; sourceTree = "<group>"; };
		EED67A6E2270AE0E0015AC02 /* oc2mangoLib.framework */ = {isa = PBXFileReference; explicitFileType = wrapper.framework; includeInIndex = 0; path = oc2mangoLib.framework; sourceTree = BUILT_PRODUCTS_DIR; };
		EED67A702270AE0E0015AC02 /* oc2mangoLib.h */ = {isa = PBXFileReference; lastKnownFileType = sourcecode.c.h; path = oc2mangoLib.h; sourceTree = "<group>"; };
		EED67A712270AE0E0015AC02 /* Info.plist */ = {isa = PBXFileReference; lastKnownFileType = text.plist.xml; path = Info.plist; sourceTree = "<group>"; };
		EED67A762270AE0F0015AC02 /* oc2mangoLibTests.xctest */ = {isa = PBXFileReference; explicitFileType = wrapper.cfbundle; includeInIndex = 0; path = oc2mangoLibTests.xctest; sourceTree = BUILT_PRODUCTS_DIR; };
		EED67A7D2270AE0F0015AC02 /* Info.plist */ = {isa = PBXFileReference; lastKnownFileType = text.plist.xml; path = Info.plist; sourceTree = "<group>"; };
		EED67A932270AEE40015AC02 /* Log.h */ = {isa = PBXFileReference; fileEncoding = 4; lastKnownFileType = sourcecode.c.h; path = Log.h; sourceTree = "<group>"; };
		EED67A942270AEE40015AC02 /* Log.m */ = {isa = PBXFileReference; fileEncoding = 4; lastKnownFileType = sourcecode.c.objc; path = Log.m; sourceTree = "<group>"; };
		EED67AA82270B1C70015AC02 /* Parser.h */ = {isa = PBXFileReference; lastKnownFileType = sourcecode.c.h; path = Parser.h; sourceTree = "<group>"; };
		EED67AA92270B1C70015AC02 /* Parser.m */ = {isa = PBXFileReference; lastKnownFileType = sourcecode.c.objc; path = Parser.m; sourceTree = "<group>"; };
		EED67AB62270B55D0015AC02 /* oc2mangoLibTests-Bridging-Header.h */ = {isa = PBXFileReference; lastKnownFileType = sourcecode.c.h; path = "oc2mangoLibTests-Bridging-Header.h"; sourceTree = "<group>"; };
		EED67ABB2270B5A30015AC02 /* StatementTest.swift */ = {isa = PBXFileReference; lastKnownFileType = sourcecode.swift; path = StatementTest.swift; sourceTree = "<group>"; };
/* End PBXFileReference section */

/* Begin PBXFrameworksBuildPhase section */
		EE4F367624F9251C00F685AF /* Frameworks */ = {
			isa = PBXFrameworksBuildPhase;
			buildActionMask = 2147483647;
			files = (
			);
			runOnlyForDeploymentPostprocessing = 0;
		};
		EE66C0A024FE97D500C85B31 /* Frameworks */ = {
			isa = PBXFrameworksBuildPhase;
			buildActionMask = 2147483647;
			files = (
			);
			runOnlyForDeploymentPostprocessing = 0;
		};
		EE66C15324FEB61300C85B31 /* Frameworks */ = {
			isa = PBXFrameworksBuildPhase;
			buildActionMask = 2147483647;
			files = (
			);
			runOnlyForDeploymentPostprocessing = 0;
		};
		EE6E6CCC225E488000616C7E /* Frameworks */ = {
			isa = PBXFrameworksBuildPhase;
			buildActionMask = 2147483647;
			files = (
			);
			runOnlyForDeploymentPostprocessing = 0;
		};
		EED67A6B2270AE0E0015AC02 /* Frameworks */ = {
			isa = PBXFrameworksBuildPhase;
			buildActionMask = 2147483647;
			files = (
				EE4ED3662668FFF40035F134 /* ORPatchFile.framework in Frameworks */,
			);
			runOnlyForDeploymentPostprocessing = 0;
		};
		EED67A732270AE0F0015AC02 /* Frameworks */ = {
			isa = PBXFrameworksBuildPhase;
			buildActionMask = 2147483647;
			files = (
				EEC088712669015800538E9A /* ORPatchFile.framework in Frameworks */,
				EEC0886B2669014C00538E9A /* oc2mangoLib.framework in Frameworks */,
			);
			runOnlyForDeploymentPostprocessing = 0;
		};
/* End PBXFrameworksBuildPhase section */

/* Begin PBXGroup section */
		EE147262227F0A4E00566B3F /* Declare */ = {
			isa = PBXGroup;
			children = (
				EE147260227F054300566B3F /* ClassDeclareTest.swift */,
			);
			path = Declare;
			sourceTree = "<group>";
		};
		EE147263227F1D6B00566B3F /* Implementation */ = {
			isa = PBXGroup;
			children = (
				639D738322939E89005C6577 /* ExpressionTest.swift */,
				EED67ABB2270B5A30015AC02 /* StatementTest.swift */,
				EEB17FFA22849273003D5C36 /* MethodCallTest.swift */,
			);
			path = Implementation;
			sourceTree = "<group>";
		};
		EE4F367A24F9251C00F685AF /* BinaryPatchCodeGenerator */ = {
			isa = PBXGroup;
			children = (
				EE4F368824F9259D00F685AF /* BinaryPatchCodeGenerator-Bridging-Header.h */,
				EE4F367B24F9251C00F685AF /* main.swift */,
				185DBCE72668CFF000828CE5 /* ClassCodeGenerator.swift */,
			);
			path = BinaryPatchCodeGenerator;
			sourceTree = "<group>";
		};
		EE5534D822900DD700A4B32E /* Convert */ = {
			isa = PBXGroup;
			children = (
				6354B701229B894800C0FDED /* ConvertOuput.txt */,
				EE5534DB22900DFF00A4B32E /* ConvertTest.swift */,
			);
			path = Convert;
			sourceTree = "<group>";
		};
		EE66C0A424FE97D500C85B31 /* PatchGenerator */ = {
			isa = PBXGroup;
			children = (
				EE66C0B524FE984600C85B31 /* PatchGenerator-Bridging-Header.h */,
				EE66C0A524FE97D500C85B31 /* main.swift */,
			);
			path = PatchGenerator;
			sourceTree = "<group>";
		};
		EE66C15724FEB61300C85B31 /* ORPatchFile */ = {
			isa = PBXGroup;
			children = (
				EE66C16024FEB62C00C85B31 /* BinaryPatchHelper.h */,
				EE66C16324FEB62C00C85B31 /* BinaryPatchHelper.m */,
				EE66C15924FEB61300C85B31 /* Info.plist */,
				EE66C16724FEB62C00C85B31 /* JSONPatchHelper.h */,
				EE66C16124FEB62C00C85B31 /* JSONPatchHelper.m */,
				32C54D05256B4AAA00D067A2 /* ClassSecretKeyMap.h */,
				EE66C16224FEB62C00C85B31 /* ORPatchFile.h */,
				EE66C15E24FEB62B00C85B31 /* ORPatchFile.m */,
				EE66C16424FEB62C00C85B31 /* RunnerClasses.h */,
				EE66C16524FEB62C00C85B31 /* RunnerClasses.m */,
			);
			path = ORPatchFile;
			sourceTree = "<group>";
		};
		EE6E6CC6225E488000616C7E = {
			isa = PBXGroup;
			children = (
				EE66C15724FEB61300C85B31 /* ORPatchFile */,
				EE66C0A424FE97D500C85B31 /* PatchGenerator */,
				EE4F367A24F9251C00F685AF /* BinaryPatchCodeGenerator */,
				EE6E6CD1225E488000616C7E /* oc2mango */,
				EED67A6F2270AE0E0015AC02 /* oc2mangoLib */,
				EED67A7A2270AE0F0015AC02 /* oc2mangoLibTests */,
				EE6E6CD0225E488000616C7E /* Products */,
				EED67AA52270B1170015AC02 /* Frameworks */,
			);
			sourceTree = "<group>";
		};
		EE6E6CD0225E488000616C7E /* Products */ = {
			isa = PBXGroup;
			children = (
				EE6E6CCF225E488000616C7E /* oc2mango */,
				EED67A6E2270AE0E0015AC02 /* oc2mangoLib.framework */,
				EED67A762270AE0F0015AC02 /* oc2mangoLibTests.xctest */,
				EE4F367924F9251C00F685AF /* BinaryPatchCodeGenerator */,
				EE66C0A324FE97D500C85B31 /* PatchGenerator */,
				EE66C15624FEB61300C85B31 /* ORPatchFile.framework */,
			);
			name = Products;
			sourceTree = "<group>";
		};
		EE6E6CD1225E488000616C7E /* oc2mango */ = {
			isa = PBXGroup;
			children = (
				EE6E6CD2225E488000616C7E /* main.m */,
			);
			path = oc2mango;
			sourceTree = "<group>";
		};
		EE9592DD24F7CA8800D8ABE0 /* Archive */ = {
			isa = PBXGroup;
			children = (
				EE9592DE24F7CA9D00D8ABE0 /* ArchiveTests.swift */,
			);
			path = Archive;
			sourceTree = "<group>";
		};
		EE982EE5226B601C008712C2 /* Builders */ = {
			isa = PBXGroup;
			children = (
				EE5534D12290053800A4B32E /* Convert.h */,
				EE5534D22290053800A4B32E /* Convert.m */,
				EE5534CD2290032700A4B32E /* AST.h */,
				EE5534CE2290032700A4B32E /* AST.m */,
				EE982F05226CB443008712C2 /* MakeDeclare.h */,
				EE982F06226CB4E4008712C2 /* MakeDeclare.m */,
			);
			path = Builders;
			sourceTree = "<group>";
		};
		EED67A6F2270AE0E0015AC02 /* oc2mangoLib */ = {
			isa = PBXGroup;
			children = (
				EED67AA82270B1C70015AC02 /* Parser.h */,
				EED67AA92270B1C70015AC02 /* Parser.m */,
				EED67A932270AEE40015AC02 /* Log.h */,
				EED67A942270AEE40015AC02 /* Log.m */,
				EE982EE5226B601C008712C2 /* Builders */,
				EE6E6CDB225E496600616C7E /* cal.l */,
				EE6E6CDA225E496600616C7E /* cal.y */,
				EED67A702270AE0E0015AC02 /* oc2mangoLib.h */,
				EED67A712270AE0E0015AC02 /* Info.plist */,
			);
			path = oc2mangoLib;
			sourceTree = "<group>";
		};
		EED67A7A2270AE0F0015AC02 /* oc2mangoLibTests */ = {
			isa = PBXGroup;
			children = (
				EE1C71EE22882DBF0077A71E /* TestSource.imp */,
				EED67A7D2270AE0F0015AC02 /* Info.plist */,
				EED67AB62270B55D0015AC02 /* oc2mangoLibTests-Bridging-Header.h */,
				EE1C71F32288314C0077A71E /* FileTest.swift */,
				EE9592DD24F7CA8800D8ABE0 /* Archive */,
				EE5534D822900DD700A4B32E /* Convert */,
				EE147263227F1D6B00566B3F /* Implementation */,
				EE147262227F0A4E00566B3F /* Declare */,
			);
			path = oc2mangoLibTests;
			sourceTree = "<group>";
		};
		EED67AA52270B1170015AC02 /* Frameworks */ = {
			isa = PBXGroup;
			children = (
			);
			name = Frameworks;
			sourceTree = "<group>";
		};
/* End PBXGroup section */

/* Begin PBXHeadersBuildPhase section */
		EE66C15124FEB61300C85B31 /* Headers */ = {
			isa = PBXHeadersBuildPhase;
			buildActionMask = 2147483647;
			files = (
				32C54D06256B4AAA00D067A2 /* ClassSecretKeyMap.h in Headers */,
				EE66C16C24FEB62C00C85B31 /* ORPatchFile.h in Headers */,
				EE66C16E24FEB62C00C85B31 /* RunnerClasses.h in Headers */,
				EE66C16A24FEB62C00C85B31 /* BinaryPatchHelper.h in Headers */,
				EE66C17124FEB62C00C85B31 /* JSONPatchHelper.h in Headers */,
			);
			runOnlyForDeploymentPostprocessing = 0;
		};
		EED67A692270AE0E0015AC02 /* Headers */ = {
			isa = PBXHeadersBuildPhase;
			buildActionMask = 2147483647;
			files = (
				EED67A7E2270AE0F0015AC02 /* oc2mangoLib.h in Headers */,
				EE5534CF2290032700A4B32E /* AST.h in Headers */,
				EED67AAA2270B1C70015AC02 /* Parser.h in Headers */,
				EE5534DD2290158700A4B32E /* MakeDeclare.h in Headers */,
				EE5534D32290053800A4B32E /* Convert.h in Headers */,
			);
			runOnlyForDeploymentPostprocessing = 0;
		};
/* End PBXHeadersBuildPhase section */

/* Begin PBXNativeTarget section */
		EE4F367824F9251C00F685AF /* BinaryPatchCodeGenerator */ = {
			isa = PBXNativeTarget;
			buildConfigurationList = EE4F367F24F9251C00F685AF /* Build configuration list for PBXNativeTarget "BinaryPatchCodeGenerator" */;
			buildPhases = (
				EE4F367524F9251C00F685AF /* Sources */,
				EE4F367624F9251C00F685AF /* Frameworks */,
				EE4F367724F9251C00F685AF /* CopyFiles */,
			);
			buildRules = (
			);
			dependencies = (
			);
			name = BinaryPatchCodeGenerator;
			productName = PatchContentGenerator;
			productReference = EE4F367924F9251C00F685AF /* BinaryPatchCodeGenerator */;
			productType = "com.apple.product-type.tool";
		};
		EE66C0A224FE97D500C85B31 /* PatchGenerator */ = {
			isa = PBXNativeTarget;
			buildConfigurationList = EE66C0A724FE97D500C85B31 /* Build configuration list for PBXNativeTarget "PatchGenerator" */;
			buildPhases = (
				EE66C09F24FE97D500C85B31 /* Sources */,
				EE66C0A024FE97D500C85B31 /* Frameworks */,
				EE66C0A124FE97D500C85B31 /* CopyFiles */,
			);
			buildRules = (
			);
			dependencies = (
			);
			name = PatchGenerator;
			productName = PatchGenerator;
			productReference = EE66C0A324FE97D500C85B31 /* PatchGenerator */;
			productType = "com.apple.product-type.tool";
		};
		EE66C15524FEB61300C85B31 /* ORPatchFile */ = {
			isa = PBXNativeTarget;
			buildConfigurationList = EE66C15B24FEB61300C85B31 /* Build configuration list for PBXNativeTarget "ORPatchFile" */;
			buildPhases = (
				EE66C15124FEB61300C85B31 /* Headers */,
				EE66C15224FEB61300C85B31 /* Sources */,
				EE66C15324FEB61300C85B31 /* Frameworks */,
				EE66C15424FEB61300C85B31 /* Resources */,
			);
			buildRules = (
			);
			dependencies = (
			);
			name = ORPatchFile;
			productName = ORPatchFile;
			productReference = EE66C15624FEB61300C85B31 /* ORPatchFile.framework */;
			productType = "com.apple.product-type.framework";
		};
		EE6E6CCE225E488000616C7E /* oc2mango */ = {
			isa = PBXNativeTarget;
			buildConfigurationList = EE6E6CD6225E488000616C7E /* Build configuration list for PBXNativeTarget "oc2mango" */;
			buildPhases = (
				EE6E6CCB225E488000616C7E /* Sources */,
				EE6E6CCC225E488000616C7E /* Frameworks */,
				EE6E6CCD225E488000616C7E /* CopyFiles */,
				EEF1528424DE8F2300574FA7 /* TODO Warning */,
			);
			buildRules = (
			);
			dependencies = (
			);
			name = oc2mango;
			productName = oc2mango;
			productReference = EE6E6CCF225E488000616C7E /* oc2mango */;
			productType = "com.apple.product-type.tool";
		};
		EED67A6D2270AE0E0015AC02 /* oc2mangoLib */ = {
			isa = PBXNativeTarget;
			buildConfigurationList = EED67A832270AE0F0015AC02 /* Build configuration list for PBXNativeTarget "oc2mangoLib" */;
			buildPhases = (
				EED67A692270AE0E0015AC02 /* Headers */,
				EED67A6A2270AE0E0015AC02 /* Sources */,
				EED67A6B2270AE0E0015AC02 /* Frameworks */,
				EED67A6C2270AE0E0015AC02 /* Resources */,
				EE4ED36A2668FFF40035F134 /* Embed Frameworks */,
			);
			buildRules = (
			);
			dependencies = (
				EE4ED3692668FFF40035F134 /* PBXTargetDependency */,
			);
			name = oc2mangoLib;
			productName = oc2mangoLib;
			productReference = EED67A6E2270AE0E0015AC02 /* oc2mangoLib.framework */;
			productType = "com.apple.product-type.framework";
		};
		EED67A752270AE0F0015AC02 /* oc2mangoLibTests */ = {
			isa = PBXNativeTarget;
			buildConfigurationList = EED67A842270AE0F0015AC02 /* Build configuration list for PBXNativeTarget "oc2mangoLibTests" */;
			buildPhases = (
				EED67A722270AE0F0015AC02 /* Sources */,
				EED67A732270AE0F0015AC02 /* Frameworks */,
				EED67A742270AE0F0015AC02 /* Resources */,
			);
			buildRules = (
			);
			dependencies = (
				EED67A792270AE0F0015AC02 /* PBXTargetDependency */,
			);
			name = oc2mangoLibTests;
			productName = oc2mangoLibTests;
			productReference = EED67A762270AE0F0015AC02 /* oc2mangoLibTests.xctest */;
			productType = "com.apple.product-type.bundle.unit-test";
		};
/* End PBXNativeTarget section */

/* Begin PBXProject section */
		EE6E6CC7225E488000616C7E /* Project object */ = {
			isa = PBXProject;
			attributes = {
				LastSwiftUpdateCheck = 1160;
				LastUpgradeCheck = 1010;
				ORGANIZATIONNAME = SilverFruity;
				TargetAttributes = {
					EE4F367824F9251C00F685AF = {
						CreatedOnToolsVersion = 11.6;
					};
					EE66C0A224FE97D500C85B31 = {
						CreatedOnToolsVersion = 11.6;
					};
					EE66C15524FEB61300C85B31 = {
						CreatedOnToolsVersion = 11.6;
					};
					EE6E6CCE225E488000616C7E = {
						CreatedOnToolsVersion = 10.1;
					};
					EED67A6D2270AE0E0015AC02 = {
						CreatedOnToolsVersion = 10.1;
					};
					EED67A752270AE0F0015AC02 = {
						CreatedOnToolsVersion = 10.1;
						LastSwiftMigration = 1010;
					};
				};
			};
			buildConfigurationList = EE6E6CCA225E488000616C7E /* Build configuration list for PBXProject "oc2mango" */;
			compatibilityVersion = "Xcode 9.3";
			developmentRegion = en;
			hasScannedForEncodings = 0;
			knownRegions = (
				en,
			);
			mainGroup = EE6E6CC6225E488000616C7E;
			productRefGroup = EE6E6CD0225E488000616C7E /* Products */;
			projectDirPath = "";
			projectRoot = "";
			targets = (
				EE6E6CCE225E488000616C7E /* oc2mango */,
				EED67A6D2270AE0E0015AC02 /* oc2mangoLib */,
				EED67A752270AE0F0015AC02 /* oc2mangoLibTests */,
				EE4F367824F9251C00F685AF /* BinaryPatchCodeGenerator */,
				EE66C0A224FE97D500C85B31 /* PatchGenerator */,
				EE66C15524FEB61300C85B31 /* ORPatchFile */,
			);
		};
/* End PBXProject section */

/* Begin PBXResourcesBuildPhase section */
		EE66C15424FEB61300C85B31 /* Resources */ = {
			isa = PBXResourcesBuildPhase;
			buildActionMask = 2147483647;
			files = (
			);
			runOnlyForDeploymentPostprocessing = 0;
		};
		EED67A6C2270AE0E0015AC02 /* Resources */ = {
			isa = PBXResourcesBuildPhase;
			buildActionMask = 2147483647;
			files = (
			);
			runOnlyForDeploymentPostprocessing = 0;
		};
		EED67A742270AE0F0015AC02 /* Resources */ = {
			isa = PBXResourcesBuildPhase;
			buildActionMask = 2147483647;
			files = (
				6354B702229B894800C0FDED /* ConvertOuput.txt in Resources */,
				EE1C71F122882F750077A71E /* TestSource.imp in Resources */,
			);
			runOnlyForDeploymentPostprocessing = 0;
		};
/* End PBXResourcesBuildPhase section */

/* Begin PBXShellScriptBuildPhase section */
		EEF1528424DE8F2300574FA7 /* TODO Warning */ = {
			isa = PBXShellScriptBuildPhase;
			buildActionMask = 2147483647;
			files = (
			);
			inputFileListPaths = (
			);
			inputPaths = (
			);
			name = "TODO Warning";
			outputFileListPaths = (
			);
			outputPaths = (
			);
			runOnlyForDeploymentPostprocessing = 0;
			shellPath = /bin/sh;
			shellScript = "KEYWORDS=\"TODO:|FIXME:|DevTeam:|XXX:\"\nfind \"${SRCROOT}\" \\( -name \"*.h\" -or -name \"*.m\" -or -name \"*.l\" -or -name \"*.y\" \\) -print0 | xargs -0 egrep --with-filename --line-number --only-matching \"($KEYWORDS).*\\$\" | perl -p -e \"s/($KEYWORDS)/ warning: \\$1/\"\nERROR=\"ERROR:\"\nfind \"${SRCROOT}\" \\( -name \"*.h\" -or -name \"*.m\" -or -name \"*.l\" -or -name \"*.y\" \\) -print0 | xargs -0 egrep --with-filename --line-number --only-matching \"($ERROR).*\\$\" | perl -p -e \"s/($ERROR)/ error: \\$1/\"\n\n\n";
		};
/* End PBXShellScriptBuildPhase section */

/* Begin PBXSourcesBuildPhase section */
		EE4F367524F9251C00F685AF /* Sources */ = {
			isa = PBXSourcesBuildPhase;
			buildActionMask = 2147483647;
			files = (
				EE4F368424F9254400F685AF /* AST.m in Sources */,
				EE4F368124F9254400F685AF /* Log.m in Sources */,
				EE4F368024F9254400F685AF /* Parser.m in Sources */,
				185DBCE82668CFF000828CE5 /* ClassCodeGenerator.swift in Sources */,
				EE4F368724F9254400F685AF /* cal.y in Sources */,
				EE4F368524F9254400F685AF /* MakeDeclare.m in Sources */,
				EE66C18C24FEC14A00C85B31 /* RunnerClasses.m in Sources */,
				EE4F367C24F9251C00F685AF /* main.swift in Sources */,
				EE4F368324F9254400F685AF /* Convert.m in Sources */,
				EE4F368624F9254400F685AF /* cal.l in Sources */,
			);
			runOnlyForDeploymentPostprocessing = 0;
		};
		EE66C09F24FE97D500C85B31 /* Sources */ = {
			isa = PBXSourcesBuildPhase;
			buildActionMask = 2147483647;
			files = (
				EE66C0AE24FE982B00C85B31 /* AST.m in Sources */,
				EE66C0AB24FE982B00C85B31 /* Log.m in Sources */,
				EE66C0AA24FE982B00C85B31 /* Parser.m in Sources */,
				EE66C0B124FE982B00C85B31 /* cal.y in Sources */,
				EE66C18524FEC14A00C85B31 /* BinaryPatchHelper.m in Sources */,
				EE66C0AF24FE982B00C85B31 /* MakeDeclare.m in Sources */,
				EE66C18824FEC14A00C85B31 /* RunnerClasses.m in Sources */,
				EE66C0A624FE97D500C85B31 /* main.swift in Sources */,
				EE66C0AD24FE982B00C85B31 /* Convert.m in Sources */,
				EE66C18724FEC14A00C85B31 /* ORPatchFile.m in Sources */,
				EE66C18624FEC14A00C85B31 /* JSONPatchHelper.m in Sources */,
				EE66C0B024FE982B00C85B31 /* cal.l in Sources */,
			);
			runOnlyForDeploymentPostprocessing = 0;
		};
		EE66C15224FEB61300C85B31 /* Sources */ = {
			isa = PBXSourcesBuildPhase;
			buildActionMask = 2147483647;
			files = (
				EE66C16B24FEB62C00C85B31 /* JSONPatchHelper.m in Sources */,
				EE66C16D24FEB62C00C85B31 /* BinaryPatchHelper.m in Sources */,
				EE66C16F24FEB62C00C85B31 /* RunnerClasses.m in Sources */,
				EE66C16824FEB62C00C85B31 /* ORPatchFile.m in Sources */,
			);
			runOnlyForDeploymentPostprocessing = 0;
		};
		EE6E6CCB225E488000616C7E /* Sources */ = {
			isa = PBXSourcesBuildPhase;
			buildActionMask = 2147483647;
			files = (
				EE4BAFEB24364CEA00A2A080 /* AST.m in Sources */,
				EE4BAFE824364CEA00A2A080 /* Parser.m in Sources */,
				EE4BAFF524364CEA00A2A080 /* cal.y in Sources */,
				EE4BAFEA24364CEA00A2A080 /* Convert.m in Sources */,
				EE66C19124FEC14B00C85B31 /* BinaryPatchHelper.m in Sources */,
				EE4BAFE924364CEA00A2A080 /* Log.m in Sources */,
				EE66C19424FEC14B00C85B31 /* RunnerClasses.m in Sources */,
				EE6E6CD3225E488000616C7E /* main.m in Sources */,
				EE4BAFEC24364CEA00A2A080 /* MakeDeclare.m in Sources */,
				EE66C19324FEC14B00C85B31 /* ORPatchFile.m in Sources */,
				EE66C19224FEC14B00C85B31 /* JSONPatchHelper.m in Sources */,
				EE4BAFF424364CEA00A2A080 /* cal.l in Sources */,
			);
			runOnlyForDeploymentPostprocessing = 0;
		};
		EED67A6A2270AE0E0015AC02 /* Sources */ = {
			isa = PBXSourcesBuildPhase;
			buildActionMask = 2147483647;
			files = (
				EE5534D02290032700A4B32E /* AST.m in Sources */,
				EE4BAFE724364CAA00A2A080 /* cal.y in Sources */,
				EE5534D42290053800A4B32E /* Convert.m in Sources */,
				EED67AAB2270B1C70015AC02 /* Parser.m in Sources */,
				EED67A972270B0CA0015AC02 /* Log.m in Sources */,
				EED67A982270B0CA0015AC02 /* MakeDeclare.m in Sources */,
				EE4BAFE624364CAA00A2A080 /* cal.l in Sources */,
			);
			runOnlyForDeploymentPostprocessing = 0;
		};
		EED67A722270AE0F0015AC02 /* Sources */ = {
			isa = PBXSourcesBuildPhase;
			buildActionMask = 2147483647;
			files = (
				EE1C71F42288314C0077A71E /* FileTest.swift in Sources */,
				EEB17FFB22849273003D5C36 /* MethodCallTest.swift in Sources */,
				EE9592DF24F7CA9D00D8ABE0 /* ArchiveTests.swift in Sources */,
				639D738422939E89005C6577 /* ExpressionTest.swift in Sources */,
				EED67ABC2270B5A30015AC02 /* StatementTest.swift in Sources */,
				EE5534DC22900DFF00A4B32E /* ConvertTest.swift in Sources */,
				EE147261227F054300566B3F /* ClassDeclareTest.swift in Sources */,
			);
			runOnlyForDeploymentPostprocessing = 0;
		};
/* End PBXSourcesBuildPhase section */

/* Begin PBXTargetDependency section */
		EE4ED3692668FFF40035F134 /* PBXTargetDependency */ = {
			isa = PBXTargetDependency;
			target = EE66C15524FEB61300C85B31 /* ORPatchFile */;
			targetProxy = EE4ED3682668FFF40035F134 /* PBXContainerItemProxy */;
		};
		EED67A792270AE0F0015AC02 /* PBXTargetDependency */ = {
			isa = PBXTargetDependency;
			target = EED67A6D2270AE0E0015AC02 /* oc2mangoLib */;
			targetProxy = EED67A782270AE0F0015AC02 /* PBXContainerItemProxy */;
		};
/* End PBXTargetDependency section */

/* Begin XCBuildConfiguration section */
		EE4F367D24F9251C00F685AF /* Debug */ = {
			isa = XCBuildConfiguration;
			buildSettings = {
				CODE_SIGN_STYLE = Automatic;
				DEVELOPMENT_TEAM = SH4YVD7HDL;
				ENABLE_HARDENED_RUNTIME = YES;
				GCC_INPUT_FILETYPE = sourcecode.c.objc;
				GCC_PREPROCESSOR_DEFINITIONS = (
					"BINARY_CODE_GENERATOR=1",
					"DEBUG=1",
					"PATCH_FILE_CODE_GEN=1",
					"$(inherited)",
				);
				MACOSX_DEPLOYMENT_TARGET = 10.13;
				PRODUCT_NAME = "$(TARGET_NAME)";
				SWIFT_ACTIVE_COMPILATION_CONDITIONS = DEBUG;
				SWIFT_OBJC_BRIDGING_HEADER = "$SRCROOT/$PRODUCT_NAME/$PRODUCT_NAME-Bridging-Header.h";
				SWIFT_OPTIMIZATION_LEVEL = "-Onone";
				SWIFT_VERSION = 5.0;
			};
			name = Debug;
		};
		EE4F367E24F9251C00F685AF /* Release */ = {
			isa = XCBuildConfiguration;
			buildSettings = {
				CODE_SIGN_STYLE = Automatic;
				DEVELOPMENT_TEAM = SH4YVD7HDL;
				ENABLE_HARDENED_RUNTIME = YES;
				GCC_INPUT_FILETYPE = sourcecode.c.objc;
				GCC_PREPROCESSOR_DEFINITIONS = "BINARY_CODE_GENERATOR=1";
				MACOSX_DEPLOYMENT_TARGET = 10.13;
				PRODUCT_NAME = "$(TARGET_NAME)";
				SWIFT_COMPILATION_MODE = wholemodule;
				SWIFT_OBJC_BRIDGING_HEADER = "$SRCROOT/$PRODUCT_NAME/$PRODUCT_NAME-Bridging-Header.h";
				SWIFT_OPTIMIZATION_LEVEL = "-O";
				SWIFT_VERSION = 5.0;
			};
			name = Release;
		};
		EE66C0A824FE97D500C85B31 /* Debug */ = {
			isa = XCBuildConfiguration;
			buildSettings = {
				CODE_SIGN_STYLE = Automatic;
				DEVELOPMENT_TEAM = SH4YVD7HDL;
				ENABLE_HARDENED_RUNTIME = YES;
				GCC_INPUT_FILETYPE = sourcecode.c.objc;
				MACOSX_DEPLOYMENT_TARGET = 10.13;
				PRODUCT_NAME = "$(TARGET_NAME)";
				SWIFT_ACTIVE_COMPILATION_CONDITIONS = DEBUG;
				SWIFT_OBJC_BRIDGING_HEADER = "$SRCROOT/$PRODUCT_NAME/$PRODUCT_NAME-Bridging-Header.h";
				SWIFT_OPTIMIZATION_LEVEL = "-Onone";
				SWIFT_VERSION = 5.0;
			};
			name = Debug;
		};
		EE66C0A924FE97D500C85B31 /* Release */ = {
			isa = XCBuildConfiguration;
			buildSettings = {
				CODE_SIGN_STYLE = Automatic;
				DEVELOPMENT_TEAM = SH4YVD7HDL;
				ENABLE_HARDENED_RUNTIME = YES;
				GCC_INPUT_FILETYPE = sourcecode.c.objc;
				MACOSX_DEPLOYMENT_TARGET = 10.13;
				PRODUCT_NAME = "$(TARGET_NAME)";
				SWIFT_COMPILATION_MODE = wholemodule;
				SWIFT_OBJC_BRIDGING_HEADER = "$SRCROOT/$PRODUCT_NAME/$PRODUCT_NAME-Bridging-Header.h";
				SWIFT_OPTIMIZATION_LEVEL = "-O";
				SWIFT_VERSION = 5.0;
			};
			name = Release;
		};
		EE66C15C24FEB61300C85B31 /* Debug */ = {
			isa = XCBuildConfiguration;
			buildSettings = {
				CODE_SIGN_STYLE = Automatic;
				CURRENT_PROJECT_VERSION = 1;
				DEFINES_MODULE = YES;
				DEVELOPMENT_TEAM = SH4YVD7HDL;
				DYLIB_COMPATIBILITY_VERSION = 1;
				DYLIB_CURRENT_VERSION = 1;
				DYLIB_INSTALL_NAME_BASE = "@rpath";
				INFOPLIST_FILE = ORPatchFile/Info.plist;
				INSTALL_PATH = "$(LOCAL_LIBRARY_DIR)/Frameworks";
				IPHONEOS_DEPLOYMENT_TARGET = 13.6;
				LD_RUNPATH_SEARCH_PATHS = (
					"$(inherited)",
					"@executable_path/Frameworks",
					"@loader_path/Frameworks",
				);
				PRODUCT_BUNDLE_IDENTIFIER = silverfruity.ORPatchFile;
				PRODUCT_NAME = "$(TARGET_NAME:c99extidentifier)";
				SDKROOT = iphoneos;
				SKIP_INSTALL = YES;
				SUPPORTED_PLATFORMS = "iphonesimulator iphoneos";
				TARGETED_DEVICE_FAMILY = "1,2";
				VERSIONING_SYSTEM = "apple-generic";
				VERSION_INFO_PREFIX = "";
			};
			name = Debug;
		};
		EE66C15D24FEB61300C85B31 /* Release */ = {
			isa = XCBuildConfiguration;
			buildSettings = {
				CODE_SIGN_STYLE = Automatic;
				CURRENT_PROJECT_VERSION = 1;
				DEFINES_MODULE = YES;
				DEVELOPMENT_TEAM = SH4YVD7HDL;
				DYLIB_COMPATIBILITY_VERSION = 1;
				DYLIB_CURRENT_VERSION = 1;
				DYLIB_INSTALL_NAME_BASE = "@rpath";
				INFOPLIST_FILE = ORPatchFile/Info.plist;
				INSTALL_PATH = "$(LOCAL_LIBRARY_DIR)/Frameworks";
				IPHONEOS_DEPLOYMENT_TARGET = 13.6;
				LD_RUNPATH_SEARCH_PATHS = (
					"$(inherited)",
					"@executable_path/Frameworks",
					"@loader_path/Frameworks",
				);
				PRODUCT_BUNDLE_IDENTIFIER = silverfruity.ORPatchFile;
				PRODUCT_NAME = "$(TARGET_NAME:c99extidentifier)";
				SDKROOT = iphoneos;
				SKIP_INSTALL = YES;
				SUPPORTED_PLATFORMS = "iphonesimulator iphoneos";
				TARGETED_DEVICE_FAMILY = "1,2";
				VALIDATE_PRODUCT = YES;
				VERSIONING_SYSTEM = "apple-generic";
				VERSION_INFO_PREFIX = "";
			};
			name = Release;
		};
		EE6E6CD4225E488000616C7E /* Debug */ = {
			isa = XCBuildConfiguration;
			buildSettings = {
				ALWAYS_SEARCH_USER_PATHS = NO;
				CLANG_ANALYZER_NONNULL = YES;
				CLANG_ANALYZER_NUMBER_OBJECT_CONVERSION = YES_AGGRESSIVE;
				CLANG_CXX_LANGUAGE_STANDARD = "gnu++14";
				CLANG_CXX_LIBRARY = "libc++";
				CLANG_ENABLE_MODULES = YES;
				CLANG_ENABLE_OBJC_ARC = YES;
				CLANG_ENABLE_OBJC_WEAK = YES;
				CLANG_WARN_BLOCK_CAPTURE_AUTORELEASING = YES;
				CLANG_WARN_BOOL_CONVERSION = YES;
				CLANG_WARN_COMMA = YES;
				CLANG_WARN_CONSTANT_CONVERSION = YES;
				CLANG_WARN_DEPRECATED_OBJC_IMPLEMENTATIONS = YES;
				CLANG_WARN_DIRECT_OBJC_ISA_USAGE = YES_ERROR;
				CLANG_WARN_DOCUMENTATION_COMMENTS = YES;
				CLANG_WARN_EMPTY_BODY = YES;
				CLANG_WARN_ENUM_CONVERSION = YES;
				CLANG_WARN_INFINITE_RECURSION = YES;
				CLANG_WARN_INT_CONVERSION = YES;
				CLANG_WARN_NON_LITERAL_NULL_CONVERSION = YES;
				CLANG_WARN_OBJC_IMPLICIT_RETAIN_SELF = YES;
				CLANG_WARN_OBJC_LITERAL_CONVERSION = YES;
				CLANG_WARN_OBJC_ROOT_CLASS = YES_ERROR;
				CLANG_WARN_RANGE_LOOP_ANALYSIS = YES;
				CLANG_WARN_STRICT_PROTOTYPES = YES;
				CLANG_WARN_SUSPICIOUS_MOVE = YES;
				CLANG_WARN_UNGUARDED_AVAILABILITY = YES_AGGRESSIVE;
				CLANG_WARN_UNREACHABLE_CODE = YES;
				CLANG_WARN__DUPLICATE_METHOD_MATCH = YES;
				CODE_SIGN_IDENTITY = "-";
				COPY_PHASE_STRIP = NO;
				DEBUG_INFORMATION_FORMAT = dwarf;
				ENABLE_STRICT_OBJC_MSGSEND = YES;
				ENABLE_TESTABILITY = YES;
				GCC_C_LANGUAGE_STANDARD = gnu11;
				GCC_DYNAMIC_NO_PIC = NO;
				GCC_NO_COMMON_BLOCKS = YES;
				GCC_OPTIMIZATION_LEVEL = 0;
				GCC_PREPROCESSOR_DEFINITIONS = (
					"DEBUG=1",
					"$(inherited)",
				);
				GCC_WARN_64_TO_32_BIT_CONVERSION = YES;
				GCC_WARN_ABOUT_RETURN_TYPE = YES_ERROR;
				GCC_WARN_UNDECLARED_SELECTOR = YES;
				GCC_WARN_UNINITIALIZED_AUTOS = YES_AGGRESSIVE;
				GCC_WARN_UNUSED_FUNCTION = YES;
				GCC_WARN_UNUSED_VARIABLE = YES;
				MACOSX_DEPLOYMENT_TARGET = 10.13;
				MTL_ENABLE_DEBUG_INFO = INCLUDE_SOURCE;
				MTL_FAST_MATH = YES;
				ONLY_ACTIVE_ARCH = YES;
				SDKROOT = macosx;
			};
			name = Debug;
		};
		EE6E6CD5225E488000616C7E /* Release */ = {
			isa = XCBuildConfiguration;
			buildSettings = {
				ALWAYS_SEARCH_USER_PATHS = NO;
				CLANG_ANALYZER_NONNULL = YES;
				CLANG_ANALYZER_NUMBER_OBJECT_CONVERSION = YES_AGGRESSIVE;
				CLANG_CXX_LANGUAGE_STANDARD = "gnu++14";
				CLANG_CXX_LIBRARY = "libc++";
				CLANG_ENABLE_MODULES = YES;
				CLANG_ENABLE_OBJC_ARC = YES;
				CLANG_ENABLE_OBJC_WEAK = YES;
				CLANG_WARN_BLOCK_CAPTURE_AUTORELEASING = YES;
				CLANG_WARN_BOOL_CONVERSION = YES;
				CLANG_WARN_COMMA = YES;
				CLANG_WARN_CONSTANT_CONVERSION = YES;
				CLANG_WARN_DEPRECATED_OBJC_IMPLEMENTATIONS = YES;
				CLANG_WARN_DIRECT_OBJC_ISA_USAGE = YES_ERROR;
				CLANG_WARN_DOCUMENTATION_COMMENTS = YES;
				CLANG_WARN_EMPTY_BODY = YES;
				CLANG_WARN_ENUM_CONVERSION = YES;
				CLANG_WARN_INFINITE_RECURSION = YES;
				CLANG_WARN_INT_CONVERSION = YES;
				CLANG_WARN_NON_LITERAL_NULL_CONVERSION = YES;
				CLANG_WARN_OBJC_IMPLICIT_RETAIN_SELF = YES;
				CLANG_WARN_OBJC_LITERAL_CONVERSION = YES;
				CLANG_WARN_OBJC_ROOT_CLASS = YES_ERROR;
				CLANG_WARN_RANGE_LOOP_ANALYSIS = YES;
				CLANG_WARN_STRICT_PROTOTYPES = YES;
				CLANG_WARN_SUSPICIOUS_MOVE = YES;
				CLANG_WARN_UNGUARDED_AVAILABILITY = YES_AGGRESSIVE;
				CLANG_WARN_UNREACHABLE_CODE = YES;
				CLANG_WARN__DUPLICATE_METHOD_MATCH = YES;
				CODE_SIGN_IDENTITY = "-";
				COPY_PHASE_STRIP = NO;
				DEBUG_INFORMATION_FORMAT = "dwarf-with-dsym";
				ENABLE_NS_ASSERTIONS = NO;
				ENABLE_STRICT_OBJC_MSGSEND = YES;
				GCC_C_LANGUAGE_STANDARD = gnu11;
				GCC_NO_COMMON_BLOCKS = YES;
				GCC_WARN_64_TO_32_BIT_CONVERSION = YES;
				GCC_WARN_ABOUT_RETURN_TYPE = YES_ERROR;
				GCC_WARN_UNDECLARED_SELECTOR = YES;
				GCC_WARN_UNINITIALIZED_AUTOS = YES_AGGRESSIVE;
				GCC_WARN_UNUSED_FUNCTION = YES;
				GCC_WARN_UNUSED_VARIABLE = YES;
				MACOSX_DEPLOYMENT_TARGET = 10.13;
				MTL_ENABLE_DEBUG_INFO = NO;
				MTL_FAST_MATH = YES;
				SDKROOT = macosx;
			};
			name = Release;
		};
		EE6E6CD7225E488000616C7E /* Debug */ = {
			isa = XCBuildConfiguration;
			buildSettings = {
				CODE_SIGN_STYLE = Automatic;
				GCC_INPUT_FILETYPE = sourcecode.c.objc;
				MACOSX_DEPLOYMENT_TARGET = 10.13;
				PRODUCT_NAME = "$(TARGET_NAME)";
			};
			name = Debug;
		};
		EE6E6CD8225E488000616C7E /* Release */ = {
			isa = XCBuildConfiguration;
			buildSettings = {
				CODE_SIGN_STYLE = Automatic;
				GCC_INPUT_FILETYPE = sourcecode.c.objc;
				MACOSX_DEPLOYMENT_TARGET = 10.13;
				PRODUCT_NAME = "$(TARGET_NAME)";
			};
			name = Release;
		};
		EED67A7F2270AE0F0015AC02 /* Debug */ = {
			isa = XCBuildConfiguration;
			buildSettings = {
				CODE_SIGN_IDENTITY = "";
				CODE_SIGN_STYLE = Automatic;
				COMBINE_HIDPI_IMAGES = YES;
				CURRENT_PROJECT_VERSION = 1;
				DEAD_CODE_STRIPPING = NO;
				DEFINES_MODULE = YES;
				DYLIB_COMPATIBILITY_VERSION = 1;
				DYLIB_CURRENT_VERSION = 1;
				DYLIB_INSTALL_NAME_BASE = "@rpath";
				FRAMEWORK_VERSION = A;
				GCC_INPUT_FILETYPE = sourcecode.c.objc;
				INFOPLIST_FILE = oc2mangoLib/Info.plist;
				INSTALL_PATH = "$(LOCAL_LIBRARY_DIR)/Frameworks";
				IPHONEOS_DEPLOYMENT_TARGET = 8.0;
				LD_RUNPATH_SEARCH_PATHS = (
					"$(inherited)",
					"@executable_path/../Frameworks",
					"@loader_path/Frameworks",
				);
				MACH_O_TYPE = mh_dylib;
				PLIST_FILE_OUTPUT_FORMAT = "same-as-input";
				PRODUCT_BUNDLE_IDENTIFIER = silverfruity.oc2mangoLib;
				PRODUCT_NAME = "$(TARGET_NAME:c99extidentifier)";
				SDKROOT = iphoneos;
				SKIP_INSTALL = YES;
				SUPPORTED_PLATFORMS = "iphonesimulator iphoneos";
				TARGETED_DEVICE_FAMILY = "1,2";
				VERSIONING_SYSTEM = "apple-generic";
				VERSION_INFO_PREFIX = "";
				YACCFLAGS = "";
				YACC_GENERATE_DEBUGGING_DIRECTIVES = NO;
			};
			name = Debug;
		};
		EED67A802270AE0F0015AC02 /* Release */ = {
			isa = XCBuildConfiguration;
			buildSettings = {
				CODE_SIGN_IDENTITY = "";
				CODE_SIGN_STYLE = Automatic;
				COMBINE_HIDPI_IMAGES = YES;
				CURRENT_PROJECT_VERSION = 1;
				DEAD_CODE_STRIPPING = NO;
				DEFINES_MODULE = YES;
				DYLIB_COMPATIBILITY_VERSION = 1;
				DYLIB_CURRENT_VERSION = 1;
				DYLIB_INSTALL_NAME_BASE = "@rpath";
				FRAMEWORK_VERSION = A;
				GCC_INPUT_FILETYPE = sourcecode.c.objc;
				INFOPLIST_FILE = oc2mangoLib/Info.plist;
				INSTALL_PATH = "$(LOCAL_LIBRARY_DIR)/Frameworks";
				IPHONEOS_DEPLOYMENT_TARGET = 8.0;
				LD_RUNPATH_SEARCH_PATHS = (
					"$(inherited)",
					"@executable_path/../Frameworks",
					"@loader_path/Frameworks",
				);
				MACH_O_TYPE = mh_dylib;
				PLIST_FILE_OUTPUT_FORMAT = "same-as-input";
				PRODUCT_BUNDLE_IDENTIFIER = silverfruity.oc2mangoLib;
				PRODUCT_NAME = "$(TARGET_NAME:c99extidentifier)";
				SDKROOT = iphoneos;
				SKIP_INSTALL = YES;
				SUPPORTED_PLATFORMS = "iphonesimulator iphoneos";
				TARGETED_DEVICE_FAMILY = "1,2";
				VERSIONING_SYSTEM = "apple-generic";
				VERSION_INFO_PREFIX = "";
				YACCFLAGS = "";
				YACC_GENERATE_DEBUGGING_DIRECTIVES = NO;
			};
			name = Release;
		};
		EED67A812270AE0F0015AC02 /* Debug */ = {
			isa = XCBuildConfiguration;
			buildSettings = {
				CLANG_ENABLE_MODULES = YES;
				CODE_SIGN_STYLE = Automatic;
				COMBINE_HIDPI_IMAGES = YES;
				INFOPLIST_FILE = oc2mangoLibTests/Info.plist;
				LD_RUNPATH_SEARCH_PATHS = (
					"$(inherited)",
					"@executable_path/../Frameworks",
					"@loader_path/../Frameworks",
				);
				PRODUCT_BUNDLE_IDENTIFIER = silverfruity.oc2mangoLibTests;
				PRODUCT_NAME = "$(TARGET_NAME)";
				SDKROOT = iphoneos;
				SWIFT_OBJC_BRIDGING_HEADER = "oc2mangoLibTests/oc2mangoLibTests-Bridging-Header.h";
				SWIFT_OPTIMIZATION_LEVEL = "-Onone";
				SWIFT_VERSION = 4.2;
			};
			name = Debug;
		};
		EED67A822270AE0F0015AC02 /* Release */ = {
			isa = XCBuildConfiguration;
			buildSettings = {
				CLANG_ENABLE_MODULES = YES;
				CODE_SIGN_STYLE = Automatic;
				COMBINE_HIDPI_IMAGES = YES;
				INFOPLIST_FILE = oc2mangoLibTests/Info.plist;
				LD_RUNPATH_SEARCH_PATHS = (
					"$(inherited)",
					"@executable_path/../Frameworks",
					"@loader_path/../Frameworks",
				);
				PRODUCT_BUNDLE_IDENTIFIER = silverfruity.oc2mangoLibTests;
				PRODUCT_NAME = "$(TARGET_NAME)";
				SDKROOT = iphoneos;
				SWIFT_OBJC_BRIDGING_HEADER = "oc2mangoLibTests/oc2mangoLibTests-Bridging-Header.h";
				SWIFT_VERSION = 4.2;
			};
			name = Release;
		};
/* End XCBuildConfiguration section */

/* Begin XCConfigurationList section */
		EE4F367F24F9251C00F685AF /* Build configuration list for PBXNativeTarget "BinaryPatchCodeGenerator" */ = {
			isa = XCConfigurationList;
			buildConfigurations = (
				EE4F367D24F9251C00F685AF /* Debug */,
				EE4F367E24F9251C00F685AF /* Release */,
			);
			defaultConfigurationIsVisible = 0;
			defaultConfigurationName = Release;
		};
		EE66C0A724FE97D500C85B31 /* Build configuration list for PBXNativeTarget "PatchGenerator" */ = {
			isa = XCConfigurationList;
			buildConfigurations = (
				EE66C0A824FE97D500C85B31 /* Debug */,
				EE66C0A924FE97D500C85B31 /* Release */,
			);
			defaultConfigurationIsVisible = 0;
			defaultConfigurationName = Release;
		};
		EE66C15B24FEB61300C85B31 /* Build configuration list for PBXNativeTarget "ORPatchFile" */ = {
			isa = XCConfigurationList;
			buildConfigurations = (
				EE66C15C24FEB61300C85B31 /* Debug */,
				EE66C15D24FEB61300C85B31 /* Release */,
			);
			defaultConfigurationIsVisible = 0;
			defaultConfigurationName = Release;
		};
		EE6E6CCA225E488000616C7E /* Build configuration list for PBXProject "oc2mango" */ = {
			isa = XCConfigurationList;
			buildConfigurations = (
				EE6E6CD4225E488000616C7E /* Debug */,
				EE6E6CD5225E488000616C7E /* Release */,
			);
			defaultConfigurationIsVisible = 0;
			defaultConfigurationName = Release;
		};
		EE6E6CD6225E488000616C7E /* Build configuration list for PBXNativeTarget "oc2mango" */ = {
			isa = XCConfigurationList;
			buildConfigurations = (
				EE6E6CD7225E488000616C7E /* Debug */,
				EE6E6CD8225E488000616C7E /* Release */,
			);
			defaultConfigurationIsVisible = 0;
			defaultConfigurationName = Release;
		};
		EED67A832270AE0F0015AC02 /* Build configuration list for PBXNativeTarget "oc2mangoLib" */ = {
			isa = XCConfigurationList;
			buildConfigurations = (
				EED67A7F2270AE0F0015AC02 /* Debug */,
				EED67A802270AE0F0015AC02 /* Release */,
			);
			defaultConfigurationIsVisible = 0;
			defaultConfigurationName = Release;
		};
		EED67A842270AE0F0015AC02 /* Build configuration list for PBXNativeTarget "oc2mangoLibTests" */ = {
			isa = XCConfigurationList;
			buildConfigurations = (
				EED67A812270AE0F0015AC02 /* Debug */,
				EED67A822270AE0F0015AC02 /* Release */,
			);
			defaultConfigurationIsVisible = 0;
			defaultConfigurationName = Release;
		};
/* End XCConfigurationList section */
	};
	rootObject = EE6E6CC7225E488000616C7E /* Project object */;
}
