<?xml version="1.0" encoding="UTF-8"?>
<Scheme
   LastUpgradeVersion = "1160"
   version = "1.3">
   <BuildAction
      parallelizeBuildables = "YES"
      buildImplicitDependencies = "YES">
      <BuildActionEntries>
         <BuildActionEntry
            buildForTesting = "YES"
            buildForRunning = "YES"
            buildForProfiling = "YES"
            buildForArchiving = "YES"
            buildForAnalyzing = "YES">
            <BuildableReference
               BuildableIdentifier = "primary"
               BlueprintIdentifier = "EE66C0A224FE97D500C85B31"
               BuildableName = "PatchGenerator"
               BlueprintName = "PatchGenerator"
               ReferencedContainer = "container:oc2mango.xcodeproj">
            </BuildableReference>
         </BuildActionEntry>
      </BuildActionEntries>
   </BuildAction>
   <TestAction
      buildConfiguration = "Debug"
      selectedDebuggerIdentifier = "Xcode.DebuggerFoundation.Debugger.LLDB"
      selectedLauncherIdentifier = "Xcode.DebuggerFoundation.Launcher.LLDB"
      shouldUseLaunchSchemeArgsEnv = "YES">
      <Testables>
      </Testables>
   </TestAction>
   <LaunchAction
      buildConfiguration = "Debug"
      selectedDebuggerIdentifier = "Xcode.DebuggerFoundation.Debugger.LLDB"
      selectedLauncherIdentifier = "Xcode.DebuggerFoundation.Launcher.LLDB"
      launchStyle = "0"
      useCustomWorkingDirectory = "NO"
      ignoresPersistentStateOnLaunch = "NO"
      debugDocumentVersioning = "YES"
      debugServiceExtension = "internal"
      allowLocationSimulation = "YES">
      <BuildableProductRunnable
         runnableDebuggingMode = "0">
         <BuildableReference
            BuildableIdentifier = "primary"
            BlueprintIdentifier = "EE66C0A224FE97D500C85B31"
            BuildableName = "PatchGenerator"
            BlueprintName = "PatchGenerator"
            ReferencedContainer = "container:oc2mango.xcodeproj">
         </BuildableReference>
      </BuildableProductRunnable>
      <CommandLineArguments>
         <CommandLineArgument
            argument = "-files  /Users/jiang/Downloads/tankCat/TankCat/hotfix -refs /Users/jiang/Desktop/OCRunner/OCRunnerDemo/OCRunnerDemo/Scripts.bundle  -output /Users/jiang/Downloads/binarypatch"
            isEnabled = "YES">
         </CommandLineArgument>
         <CommandLineArgument
            argument = "-files /user/mac/files -refs /user/mac/headers -output /usr/mac/binarypatch"
            isEnabled = "NO">
         </CommandLineArgument>
         <CommandLineArgument
            argument = "-type json -encryptMap /user/mac/ClassEncryptMap.json -files /user/mac/files -refs /user/mac/headers -output /usr/mac/binarypatch"
            isEnabled = "NO">
         </CommandLineArgument>
         <CommandLineArgument
            argument = "-h"
            isEnabled = "NO">
         </CommandLineArgument>
         <CommandLineArgument
            argument = "-appVersion 1.1.* -osVersion 14.* -files /Users/jiang/Downloads/OCRunner/OCRunnerDemo/OCRunnerDemo/ViewController1 -refs  /Users/jiang/Downloads/OCRunner/OCRunnerDemo/OCRunnerDemo/Scripts.bundle -output /Users/jiang/Downloads/OCRunner/OCRunnerDemo/OCRunnerDemo/binarypatch"
            isEnabled = "NO">
         </CommandLineArgument>
      </CommandLineArguments>
   </LaunchAction>
   <ProfileAction
      buildConfiguration = "Release"
      shouldUseLaunchSchemeArgsEnv = "YES"
      savedToolIdentifier = ""
      useCustomWorkingDirectory = "NO"
      debugDocumentVersioning = "YES">
      <BuildableProductRunnable
         runnableDebuggingMode = "0">
         <BuildableReference
            BuildableIdentifier = "primary"
            BlueprintIdentifier = "EE66C0A224FE97D500C85B31"
            BuildableName = "PatchGenerator"
            BlueprintName = "PatchGenerator"
            ReferencedContainer = "container:oc2mango.xcodeproj">
         </BuildableReference>
      </BuildableProductRunnable>
   </ProfileAction>
   <AnalyzeAction
      buildConfiguration = "Debug">
   </AnalyzeAction>
   <ArchiveAction
      buildConfiguration = "Release"
      revealArchiveInOrganizer = "YES">
   </ArchiveAction>
</Scheme>
